
Microsoft Visual Studio Solution File, Format Version 12.00
# Visual Studio Version 16
VisualStudioVersion = 16.0.32126.315
MinimumVisualStudioVersion = 10.0.40219.1
Project("{FAE04EC0-301F-11D3-BF4B-00C04F79EFBC}") = "SampleUnitTesting", "SampleUnitTesting\SampleUnitTesting.csproj", "{3E430A7B-C6B3-4127-8028-A5BD8357DB4E}"
EndProject
Project("{FAE04EC0-301F-11D3-BF4B-00C04F79EFBC}") = "SampleUnitTesting_Test", "SampleUnitTesting_Test\SampleUnitTesting_Test.csproj", "{E4FECAB7-42E7-41F6-A3B0-5A9CE30B3228}"
EndProject
Global
	GlobalSection(SolutionConfigurationPlatforms) = preSolution
		Debug|Any CPU = Debug|Any CPU
		Release|Any CPU = Release|Any CPU
	EndGlobalSection
	GlobalSection(ProjectConfigurationPlatforms) = postSolution
		{3E430A7B-C6B3-4127-8028-A5BD8357DB4E}.Debug|Any CPU.ActiveCfg = Debug|Any CPU
		{3E430A7B-C6B3-4127-8028-A5BD8357DB4E}.Debug|Any CPU.Build.0 = Debug|Any CPU
		{3E430A7B-C6B3-4127-8028-A5BD8357DB4E}.Release|Any CPU.ActiveCfg = Release|Any CPU
		{3E430A7B-C6B3-4127-8028-A5BD8357DB4E}.Release|Any CPU.Build.0 = Release|Any CPU
		{E4FECAB7-42E7-41F6-A3B0-5A9CE30B3228}.Debug|Any CPU.ActiveCfg = Debug|Any CPU
		{E4FECAB7-42E7-41F6-A3B0-5A9CE30B3228}.Debug|Any CPU.Build.0 = Debug|Any CPU
		{E4FECAB7-42E7-41F6-A3B0-5A9CE30B3228}.Release|Any CPU.ActiveCfg = Release|Any CPU
		{E4FECAB7-42E7-41F6-A3B0-5A9CE30B3228}.Release|Any CPU.Build.0 = Release|Any CPU
	EndGlobalSection
	GlobalSection(SolutionProperties) = preSolution
		HideSolutionNode = FALSE
	EndGlobalSection
	GlobalSection(ExtensibilityGlobals) = postSolution
		SolutionGuid = {38844F7F-805B-4318-9094-C851B630C931}
	EndGlobalSection
EndGlobal
